
Microsoft Visual Studio Solution File, Format Version 12.00
# Visual Studio Version 17
VisualStudioVersion = 17.8.34525.116
MinimumVisualStudioVersion = 10.0.40219.1
Project("{9A19103F-16F7-4668-BE54-9A1E7A4F7556}") = "TLDBot", "TLDBot.csproj", "{DC8CAE2D-6EA8-4F9C-9F0F-E420975E102C}"
EndProject
Global
	GlobalSection(SolutionConfigurationPlatforms) = preSolution
		Debug|Any CPU = Debug|Any CPU
		Release|Any CPU = Release|Any CPU
	EndGlobalSection
	GlobalSection(ProjectConfigurationPlatforms) = postSolution
		{DC8CAE2D-6EA8-4F9C-9F0F-E420975E102C}.Debug|Any CPU.ActiveCfg = Debug|Any CPU
		{DC8CAE2D-6EA8-4F9C-9F0F-E420975E102C}.Debug|Any CPU.Build.0 = Debug|Any CPU
		{DC8CAE2D-6EA8-4F9C-9F0F-E420975E102C}.Release|Any CPU.ActiveCfg = Release|Any CPU
		{DC8CAE2D-6EA8-4F9C-9F0F-E420975E102C}.Release|Any CPU.Build.0 = Release|Any CPU
	EndGlobalSection
	GlobalSection(SolutionProperties) = preSolution
		HideSolutionNode = FALSE
	EndGlobalSection
	GlobalSection(ExtensibilityGlobals) = postSolution
		SolutionGuid = {796CD215-8F3F-41ED-B7E0-3FDFF9BC80A0}
	EndGlobalSection
EndGlobal
